// !$*UTF8*$!
{
	archiveVersion = 1;
	classes = {
	};
	objectVersion = 77;
	objects = {

/* Begin PBXBuildFile section */
		E84B7DEE2D9777A0000741A2 /* GoogleService-Info.plist in Resources */ = {isa = PBXBuildFile; fileRef = E84B7DED2D9777A0000741A2 /* GoogleService-Info.plist */; };
		E84B7DF62D977ECE000741A2 /* FirebaseAuth in Frameworks */ = {isa = PBXBuildFile; productRef = E84B7DF52D977ECE000741A2 /* FirebaseAuth */; };
		E84B7DF82D977ECE000741A2 /* FirebaseCrashlytics in Frameworks */ = {isa = PBXBuildFile; productRef = E84B7DF72D977ECE000741A2 /* FirebaseCrashlytics */; };
		E84B7DFA2D977ECE000741A2 /* FirebaseFirestore in Frameworks */ = {isa = PBXBuildFile; productRef = E84B7DF92D977ECE000741A2 /* FirebaseFirestore */; };
		E84B7DFC2D977ECE000741A2 /* FirebaseFirestoreSwift in Frameworks */ = {isa = PBXBuildFile; productRef = E84B7DFB2D977ECE000741A2 /* FirebaseFirestoreSwift */; };
		E84B7E0A2D9792CE000741A2 /* .gitignore in Resources */ = {isa = PBXBuildFile; fileRef = E84B7E092D9792C5000741A2 /* .gitignore */; };
		E84B7E202D98C30B000741A2 /* logo2.png in Resources */ = {isa = PBXBuildFile; fileRef = E84B7E1F2D98C30B000741A2 /* logo2.png */; };
/* End PBXBuildFile section */

/* Begin PBXContainerItemProxy section */
		E84B7DD12D977501000741A2 /* PBXContainerItemProxy */ = {
			isa = PBXContainerItemProxy;
			containerPortal = E84B7DB82D977500000741A2 /* Project object */;
			proxyType = 1;
			remoteGlobalIDString = E84B7DBF2D977500000741A2;
			remoteInfo = "Gauntlet Trivia";
		};
		E84B7DDB2D977501000741A2 /* PBXContainerItemProxy */ = {
			isa = PBXContainerItemProxy;
			containerPortal = E84B7DB82D977500000741A2 /* Project object */;
			proxyType = 1;
			remoteGlobalIDString = E84B7DBF2D977500000741A2;
			remoteInfo = "Gauntlet Trivia";
		};
/* End PBXContainerItemProxy section */

/* Begin PBXFileReference section */
		E84B7DC02D977500000741A2 /* Gauntlet Trivia.app */ = {isa = PBXFileReference; explicitFileType = wrapper.application; includeInIndex = 0; path = "Gauntlet Trivia.app"; sourceTree = BUILT_PRODUCTS_DIR; };
		E84B7DD02D977501000741A2 /* Gauntlet TriviaTests.xctest */ = {isa = PBXFileReference; explicitFileType = wrapper.cfbundle; includeInIndex = 0; path = "Gauntlet TriviaTests.xctest"; sourceTree = BUILT_PRODUCTS_DIR; };
		E84B7DDA2D977501000741A2 /* Gauntlet TriviaUITests.xctest */ = {isa = PBXFileReference; explicitFileType = wrapper.cfbundle; includeInIndex = 0; path = "Gauntlet TriviaUITests.xctest"; sourceTree = BUILT_PRODUCTS_DIR; };
		E84B7DED2D9777A0000741A2 /* GoogleService-Info.plist */ = {isa = PBXFileReference; lastKnownFileType = text.plist.xml; path = "GoogleService-Info.plist"; sourceTree = "<group>"; };
		E84B7E082D97902F000741A2 /* Color+Gauntlet.swift */ = {isa = PBXFileReference; lastKnownFileType = sourcecode.swift; path = "Color+Gauntlet.swift"; sourceTree = "<group>"; };
		E84B7E092D9792C5000741A2 /* .gitignore */ = {isa = PBXFileReference; lastKnownFileType = text; path = .gitignore; sourceTree = "<group>"; };
		E84B7E1F2D98C30B000741A2 /* logo2.png */ = {isa = PBXFileReference; lastKnownFileType = image.png; path = logo2.png; sourceTree = "<group>"; };
/* End PBXFileReference section */

/* Begin PBXFileSystemSynchronizedRootGroup section */
		E84B7DC22D977500000741A2 /* Gauntlet Trivia */ = {
			isa = PBXFileSystemSynchronizedRootGroup;
			path = "Gauntlet Trivia";
			sourceTree = "<group>";
		};
		E84B7DD32D977501000741A2 /* Gauntlet TriviaTests */ = {
			isa = PBXFileSystemSynchronizedRootGroup;
			path = "Gauntlet TriviaTests";
			sourceTree = "<group>";
		};
		E84B7DDD2D977501000741A2 /* Gauntlet TriviaUITests */ = {
			isa = PBXFileSystemSynchronizedRootGroup;
			path = "Gauntlet TriviaUITests";
			sourceTree = "<group>";
		};
/* End PBXFileSystemSynchronizedRootGroup section */

/* Begin PBXFrameworksBuildPhase section */
		E84B7DBD2D977500000741A2 /* Frameworks */ = {
			isa = PBXFrameworksBuildPhase;
			buildActionMask = 2147483647;
			files = (
				E84B7DF62D977ECE000741A2 /* FirebaseAuth in Frameworks */,
				E84B7DF82D977ECE000741A2 /* FirebaseCrashlytics in Frameworks */,
				E84B7DFA2D977ECE000741A2 /* FirebaseFirestore in Frameworks */,
				E84B7DFC2D977ECE000741A2 /* FirebaseFirestoreSwift in Frameworks */,
			);
			runOnlyForDeploymentPostprocessing = 0;
		};
		E84B7DCD2D977501000741A2 /* Frameworks */ = {
			isa = PBXFrameworksBuildPhase;
			buildActionMask = 2147483647;
			files = (
			);
			runOnlyForDeploymentPostprocessing = 0;
		};
		E84B7DD72D977501000741A2 /* Frameworks */ = {
			isa = PBXFrameworksBuildPhase;
			buildActionMask = 2147483647;
			files = (
			);
			runOnlyForDeploymentPostprocessing = 0;
		};
/* End PBXFrameworksBuildPhase section */

/* Begin PBXGroup section */
		E84B7DB72D977500000741A2 = {
			isa = PBXGroup;
			children = (
				E84B7E1E2D98C2BF000741A2 /* Images */,
				E84B7E092D9792C5000741A2 /* .gitignore */,
				E84B7E072D97901E000741A2 /* Utilities */,
				E84B7DC22D977500000741A2 /* Gauntlet Trivia */,
				E84B7DD32D977501000741A2 /* Gauntlet TriviaTests */,
				E84B7DDD2D977501000741A2 /* Gauntlet TriviaUITests */,
				E84B7DC12D977500000741A2 /* Products */,
				E84B7DED2D9777A0000741A2 /* GoogleService-Info.plist */,
			);
			sourceTree = "<group>";
		};
		E84B7DC12D977500000741A2 /* Products */ = {
			isa = PBXGroup;
			children = (
				E84B7DC02D977500000741A2 /* Gauntlet Trivia.app */,
				E84B7DD02D977501000741A2 /* Gauntlet TriviaTests.xctest */,
				E84B7DDA2D977501000741A2 /* Gauntlet TriviaUITests.xctest */,
			);
			name = Products;
			sourceTree = "<group>";
		};
		E84B7E072D97901E000741A2 /* Utilities */ = {
			isa = PBXGroup;
			children = (
				E84B7E082D97902F000741A2 /* Color+Gauntlet.swift */,
			);
			path = Utilities;
			sourceTree = "<group>";
		};
		E84B7E1E2D98C2BF000741A2 /* Images */ = {
			isa = PBXGroup;
			children = (
				E84B7E1F2D98C30B000741A2 /* logo2.png */,
			);
			path = Images;
			sourceTree = "<group>";
		};
/* End PBXGroup section */

/* Begin PBXNativeTarget section */
		E84B7DBF2D977500000741A2 /* Gauntlet Trivia */ = {
			isa = PBXNativeTarget;
			buildConfigurationList = E84B7DE42D977501000741A2 /* Build configuration list for PBXNativeTarget "Gauntlet Trivia" */;
			buildPhases = (
				E84B7DBC2D977500000741A2 /* Sources */,
				E84B7DBD2D977500000741A2 /* Frameworks */,
				E84B7DBE2D977500000741A2 /* Resources */,
			);
			buildRules = (
			);
			dependencies = (
			);
			fileSystemSynchronizedGroups = (
				E84B7DC22D977500000741A2 /* Gauntlet Trivia */,
			);
			name = "Gauntlet Trivia";
			packageProductDependencies = (
				E84B7DF52D977ECE000741A2 /* FirebaseAuth */,
				E84B7DF72D977ECE000741A2 /* FirebaseCrashlytics */,
				E84B7DF92D977ECE000741A2 /* FirebaseFirestore */,
				E84B7DFB2D977ECE000741A2 /* FirebaseFirestoreSwift */,
			);
			productName = "Gauntlet Trivia";
			productReference = E84B7DC02D977500000741A2 /* Gauntlet Trivia.app */;
			productType = "com.apple.product-type.application";
		};
		E84B7DCF2D977501000741A2 /* Gauntlet TriviaTests */ = {
			isa = PBXNativeTarget;
			buildConfigurationList = E84B7DE72D977501000741A2 /* Build configuration list for PBXNativeTarget "Gauntlet TriviaTests" */;
			buildPhases = (
				E84B7DCC2D977501000741A2 /* Sources */,
				E84B7DCD2D977501000741A2 /* Frameworks */,
				E84B7DCE2D977501000741A2 /* Resources */,
			);
			buildRules = (
			);
			dependencies = (
				E84B7DD22D977501000741A2 /* PBXTargetDependency */,
			);
			fileSystemSynchronizedGroups = (
				E84B7DD32D977501000741A2 /* Gauntlet TriviaTests */,
			);
			name = "Gauntlet TriviaTests";
			packageProductDependencies = (
			);
			productName = "Gauntlet TriviaTests";
			productReference = E84B7DD02D977501000741A2 /* Gauntlet TriviaTests.xctest */;
			productType = "com.apple.product-type.bundle.unit-test";
		};
		E84B7DD92D977501000741A2 /* Gauntlet TriviaUITests */ = {
			isa = PBXNativeTarget;
			buildConfigurationList = E84B7DEA2D977501000741A2 /* Build configuration list for PBXNativeTarget "Gauntlet TriviaUITests" */;
			buildPhases = (
				E84B7DD62D977501000741A2 /* Sources */,
				E84B7DD72D977501000741A2 /* Frameworks */,
				E84B7DD82D977501000741A2 /* Resources */,
			);
			buildRules = (
			);
			dependencies = (
				E84B7DDC2D977501000741A2 /* PBXTargetDependency */,
			);
			fileSystemSynchronizedGroups = (
				E84B7DDD2D977501000741A2 /* Gauntlet TriviaUITests */,
			);
			name = "Gauntlet TriviaUITests";
			packageProductDependencies = (
			);
			productName = "Gauntlet TriviaUITests";
			productReference = E84B7DDA2D977501000741A2 /* Gauntlet TriviaUITests.xctest */;
			productType = "com.apple.product-type.bundle.ui-testing";
		};
/* End PBXNativeTarget section */

/* Begin PBXProject section */
		E84B7DB82D977500000741A2 /* Project object */ = {
			isa = PBXProject;
			attributes = {
				BuildIndependentTargetsInParallel = 1;
				LastSwiftUpdateCheck = 1620;
				LastUpgradeCheck = 1620;
				TargetAttributes = {
					E84B7DBF2D977500000741A2 = {
						CreatedOnToolsVersion = 16.2;
					};
					E84B7DCF2D977501000741A2 = {
						CreatedOnToolsVersion = 16.2;
						TestTargetID = E84B7DBF2D977500000741A2;
					};
					E84B7DD92D977501000741A2 = {
						CreatedOnToolsVersion = 16.2;
						TestTargetID = E84B7DBF2D977500000741A2;
					};
				};
			};
			buildConfigurationList = E84B7DBB2D977500000741A2 /* Build configuration list for PBXProject "Gauntlet Trivia" */;
			developmentRegion = en;
			hasScannedForEncodings = 0;
			knownRegions = (
				en,
				Base,
			);
			mainGroup = E84B7DB72D977500000741A2;
			minimizedProjectReferenceProxies = 1;
			packageReferences = (
				E84B7DF42D977ECE000741A2 /* XCRemoteSwiftPackageReference "firebase-ios-sdk" */,
			);
			preferredProjectObjectVersion = 77;
			productRefGroup = E84B7DC12D977500000741A2 /* Products */;
			projectDirPath = "";
			projectRoot = "";
			targets = (
				E84B7DBF2D977500000741A2 /* Gauntlet Trivia */,
				E84B7DCF2D977501000741A2 /* Gauntlet TriviaTests */,
				E84B7DD92D977501000741A2 /* Gauntlet TriviaUITests */,
			);
		};
/* End PBXProject section */

/* Begin PBXResourcesBuildPhase section */
		E84B7DBE2D977500000741A2 /* Resources */ = {
			isa = PBXResourcesBuildPhase;
			buildActionMask = 2147483647;
			files = (
				E84B7E0A2D9792CE000741A2 /* .gitignore in Resources */,
				E84B7E202D98C30B000741A2 /* logo2.png in Resources */,
				E84B7DEE2D9777A0000741A2 /* GoogleService-Info.plist in Resources */,
			);
			runOnlyForDeploymentPostprocessing = 0;
		};
		E84B7DCE2D977501000741A2 /* Resources */ = {
			isa = PBXResourcesBuildPhase;
			buildActionMask = 2147483647;
			files = (
			);
			runOnlyForDeploymentPostprocessing = 0;
		};
		E84B7DD82D977501000741A2 /* Resources */ = {
			isa = PBXResourcesBuildPhase;
			buildActionMask = 2147483647;
			files = (
			);
			runOnlyForDeploymentPostprocessing = 0;
		};
/* End PBXResourcesBuildPhase section */

/* Begin PBXSourcesBuildPhase section */
		E84B7DBC2D977500000741A2 /* Sources */ = {
			isa = PBXSourcesBuildPhase;
			buildActionMask = 2147483647;
			files = (
			);
			runOnlyForDeploymentPostprocessing = 0;
		};
		E84B7DCC2D977501000741A2 /* Sources */ = {
			isa = PBXSourcesBuildPhase;
			buildActionMask = 2147483647;
			files = (
			);
			runOnlyForDeploymentPostprocessing = 0;
		};
		E84B7DD62D977501000741A2 /* Sources */ = {
			isa = PBXSourcesBuildPhase;
			buildActionMask = 2147483647;
			files = (
			);
			runOnlyForDeploymentPostprocessing = 0;
		};
/* End PBXSourcesBuildPhase section */

/* Begin PBXTargetDependency section */
		E84B7DD22D977501000741A2 /* PBXTargetDependency */ = {
			isa = PBXTargetDependency;
			target = E84B7DBF2D977500000741A2 /* Gauntlet Trivia */;
			targetProxy = E84B7DD12D977501000741A2 /* PBXContainerItemProxy */;
		};
		E84B7DDC2D977501000741A2 /* PBXTargetDependency */ = {
			isa = PBXTargetDependency;
			target = E84B7DBF2D977500000741A2 /* Gauntlet Trivia */;
			targetProxy = E84B7DDB2D977501000741A2 /* PBXContainerItemProxy */;
		};
/* End PBXTargetDependency section */

/* Begin XCBuildConfiguration section */
		E84B7DE22D977501000741A2 /* Debug */ = {
			isa = XCBuildConfiguration;
			buildSettings = {
				ALWAYS_SEARCH_USER_PATHS = NO;
				ASSETCATALOG_COMPILER_GENERATE_SWIFT_ASSET_SYMBOL_EXTENSIONS = YES;
				CLANG_ANALYZER_NONNULL = YES;
				CLANG_ANALYZER_NUMBER_OBJECT_CONVERSION = YES_AGGRESSIVE;
				CLANG_CXX_LANGUAGE_STANDARD = "gnu++20";
				CLANG_ENABLE_MODULES = YES;
				CLANG_ENABLE_OBJC_ARC = YES;
				CLANG_ENABLE_OBJC_WEAK = YES;
				CLANG_WARN_BLOCK_CAPTURE_AUTORELEASING = YES;
				CLANG_WARN_BOOL_CONVERSION = YES;
				CLANG_WARN_COMMA = YES;
				CLANG_WARN_CONSTANT_CONVERSION = YES;
				CLANG_WARN_DEPRECATED_OBJC_IMPLEMENTATIONS = YES;
				CLANG_WARN_DIRECT_OBJC_ISA_USAGE = YES_ERROR;
				CLANG_WARN_DOCUMENTATION_COMMENTS = YES;
				CLANG_WARN_EMPTY_BODY = YES;
				CLANG_WARN_ENUM_CONVERSION = YES;
				CLANG_WARN_INFINITE_RECURSION = YES;
				CLANG_WARN_INT_CONVERSION = YES;
				CLANG_WARN_NON_LITERAL_NULL_CONVERSION = YES;
				CLANG_WARN_OBJC_IMPLICIT_RETAIN_SELF = YES;
				CLANG_WARN_OBJC_LITERAL_CONVERSION = YES;
				CLANG_WARN_OBJC_ROOT_CLASS = YES_ERROR;
				CLANG_WARN_QUOTED_INCLUDE_IN_FRAMEWORK_HEADER = YES;
				CLANG_WARN_RANGE_LOOP_ANALYSIS = YES;
				CLANG_WARN_STRICT_PROTOTYPES = YES;
				CLANG_WARN_SUSPICIOUS_MOVE = YES;
				CLANG_WARN_UNGUARDED_AVAILABILITY = YES_AGGRESSIVE;
				CLANG_WARN_UNREACHABLE_CODE = YES;
				CLANG_WARN__DUPLICATE_METHOD_MATCH = YES;
				COPY_PHASE_STRIP = NO;
				DEBUG_INFORMATION_FORMAT = dwarf;
				ENABLE_STRICT_OBJC_MSGSEND = YES;
				ENABLE_TESTABILITY = YES;
				ENABLE_USER_SCRIPT_SANDBOXING = YES;
				GCC_C_LANGUAGE_STANDARD = gnu17;
				GCC_DYNAMIC_NO_PIC = NO;
				GCC_NO_COMMON_BLOCKS = YES;
				GCC_OPTIMIZATION_LEVEL = 0;
				GCC_PREPROCESSOR_DEFINITIONS = (
					"DEBUG=1",
					"$(inherited)",
				);
				GCC_WARN_64_TO_32_BIT_CONVERSION = YES;
				GCC_WARN_ABOUT_RETURN_TYPE = YES_ERROR;
				GCC_WARN_UNDECLARED_SELECTOR = YES;
				GCC_WARN_UNINITIALIZED_AUTOS = YES_AGGRESSIVE;
				GCC_WARN_UNUSED_FUNCTION = YES;
				GCC_WARN_UNUSED_VARIABLE = YES;
				IPHONEOS_DEPLOYMENT_TARGET = 18.2;
				LOCALIZATION_PREFERS_STRING_CATALOGS = YES;
				MTL_ENABLE_DEBUG_INFO = INCLUDE_SOURCE;
				MTL_FAST_MATH = YES;
				ONLY_ACTIVE_ARCH = YES;
				SDKROOT = iphoneos;
				SWIFT_ACTIVE_COMPILATION_CONDITIONS = "DEBUG $(inherited)";
				SWIFT_OPTIMIZATION_LEVEL = "-Onone";
			};
			name = Debug;
		};
		E84B7DE32D977501000741A2 /* Release */ = {
			isa = XCBuildConfiguration;
			buildSettings = {
				ALWAYS_SEARCH_USER_PATHS = NO;
				ASSETCATALOG_COMPILER_GENERATE_SWIFT_ASSET_SYMBOL_EXTENSIONS = YES;
				CLANG_ANALYZER_NONNULL = YES;
				CLANG_ANALYZER_NUMBER_OBJECT_CONVERSION = YES_AGGRESSIVE;
				CLANG_CXX_LANGUAGE_STANDARD = "gnu++20";
				CLANG_ENABLE_MODULES = YES;
				CLANG_ENABLE_OBJC_ARC = YES;
				CLANG_ENABLE_OBJC_WEAK = YES;
				CLANG_WARN_BLOCK_CAPTURE_AUTORELEASING = YES;
				CLANG_WARN_BOOL_CONVERSION = YES;
				CLANG_WARN_COMMA = YES;
				CLANG_WARN_CONSTANT_CONVERSION = YES;
				CLANG_WARN_DEPRECATED_OBJC_IMPLEMENTATIONS = YES;
				CLANG_WARN_DIRECT_OBJC_ISA_USAGE = YES_ERROR;
				CLANG_WARN_DOCUMENTATION_COMMENTS = YES;
				CLANG_WARN_EMPTY_BODY = YES;
				CLANG_WARN_ENUM_CONVERSION = YES;
				CLANG_WARN_INFINITE_RECURSION = YES;
				CLANG_WARN_INT_CONVERSION = YES;
				CLANG_WARN_NON_LITERAL_NULL_CONVERSION = YES;
				CLANG_WARN_OBJC_IMPLICIT_RETAIN_SELF = YES;
				CLANG_WARN_OBJC_LITERAL_CONVERSION = YES;
				CLANG_WARN_OBJC_ROOT_CLASS = YES_ERROR;
				CLANG_WARN_QUOTED_INCLUDE_IN_FRAMEWORK_HEADER = YES;
				CLANG_WARN_RANGE_LOOP_ANALYSIS = YES;
				CLANG_WARN_STRICT_PROTOTYPES = YES;
				CLANG_WARN_SUSPICIOUS_MOVE = YES;
				CLANG_WARN_UNGUARDED_AVAILABILITY = YES_AGGRESSIVE;
				CLANG_WARN_UNREACHABLE_CODE = YES;
				CLANG_WARN__DUPLICATE_METHOD_MATCH = YES;
				COPY_PHASE_STRIP = NO;
				DEBUG_INFORMATION_FORMAT = "dwarf-with-dsym";
				ENABLE_NS_ASSERTIONS = NO;
				ENABLE_STRICT_OBJC_MSGSEND = YES;
				ENABLE_USER_SCRIPT_SANDBOXING = YES;
				GCC_C_LANGUAGE_STANDARD = gnu17;
				GCC_NO_COMMON_BLOCKS = YES;
				GCC_WARN_64_TO_32_BIT_CONVERSION = YES;
				GCC_WARN_ABOUT_RETURN_TYPE = YES_ERROR;
				GCC_WARN_UNDECLARED_SELECTOR = YES;
				GCC_WARN_UNINITIALIZED_AUTOS = YES_AGGRESSIVE;
				GCC_WARN_UNUSED_FUNCTION = YES;
				GCC_WARN_UNUSED_VARIABLE = YES;
				IPHONEOS_DEPLOYMENT_TARGET = 18.2;
				LOCALIZATION_PREFERS_STRING_CATALOGS = YES;
				MTL_ENABLE_DEBUG_INFO = NO;
				MTL_FAST_MATH = YES;
				SDKROOT = iphoneos;
				SWIFT_COMPILATION_MODE = wholemodule;
				VALIDATE_PRODUCT = YES;
			};
			name = Release;
		};
		E84B7DE52D977501000741A2 /* Debug */ = {
			isa = XCBuildConfiguration;
			buildSettings = {
				ASSETCATALOG_COMPILER_APPICON_NAME = AppIcon;
				ASSETCATALOG_COMPILER_GLOBAL_ACCENT_COLOR_NAME = AccentColor;
				CODE_SIGN_STYLE = Automatic;
				CURRENT_PROJECT_VERSION = 1;
				DEVELOPMENT_ASSET_PATHS = "\"Gauntlet Trivia/Preview Content\"";
				DEVELOPMENT_TEAM = VA6YF48XF2;
				ENABLE_PREVIEWS = YES;
				GENERATE_INFOPLIST_FILE = YES;
				INFOPLIST_KEY_UIApplicationSceneManifest_Generation = YES;
				INFOPLIST_KEY_UIApplicationSupportsIndirectInputEvents = YES;
				INFOPLIST_KEY_UILaunchScreen_Generation = YES;
				INFOPLIST_KEY_UISupportedInterfaceOrientations_iPad = "UIInterfaceOrientationPortrait UIInterfaceOrientationPortraitUpsideDown UIInterfaceOrientationLandscapeLeft UIInterfaceOrientationLandscapeRight";
				INFOPLIST_KEY_UISupportedInterfaceOrientations_iPhone = "UIInterfaceOrientationPortrait UIInterfaceOrientationLandscapeLeft UIInterfaceOrientationLandscapeRight";
				LD_RUNPATH_SEARCH_PATHS = (
					"$(inherited)",
					"@executable_path/Frameworks",
				);
				MARKETING_VERSION = 1.0;
				PRODUCT_BUNDLE_IDENTIFIER = "com.ben.Gauntlet-Trivia";
				PRODUCT_NAME = "$(TARGET_NAME)";
				SWIFT_EMIT_LOC_STRINGS = YES;
				SWIFT_VERSION = 5.0;
				TARGETED_DEVICE_FAMILY = "1,2";
			};
			name = Debug;
		};
		E84B7DE62D977501000741A2 /* Release */ = {
			isa = XCBuildConfiguration;
			buildSettings = {
				ASSETCATALOG_COMPILER_APPICON_NAME = AppIcon;
				ASSETCATALOG_COMPILER_GLOBAL_ACCENT_COLOR_NAME = AccentColor;
				CODE_SIGN_STYLE = Automatic;
				CURRENT_PROJECT_VERSION = 1;
				DEVELOPMENT_ASSET_PATHS = "\"Gauntlet Trivia/Preview Content\"";
				DEVELOPMENT_TEAM = VA6YF48XF2;
				ENABLE_PREVIEWS = YES;
				GENERATE_INFOPLIST_FILE = YES;
				INFOPLIST_KEY_UIApplicationSceneManifest_Generation = YES;
				INFOPLIST_KEY_UIApplicationSupportsIndirectInputEvents = YES;
				INFOPLIST_KEY_UILaunchScreen_Generation = YES;
				INFOPLIST_KEY_UISupportedInterfaceOrientations_iPad = "UIInterfaceOrientationPortrait UIInterfaceOrientationPortraitUpsideDown UIInterfaceOrientationLandscapeLeft UIInterfaceOrientationLandscapeRight";
				INFOPLIST_KEY_UISupportedInterfaceOrientations_iPhone = "UIInterfaceOrientationPortrait UIInterfaceOrientationLandscapeLeft UIInterfaceOrientationLandscapeRight";
				LD_RUNPATH_SEARCH_PATHS = (
					"$(inherited)",
					"@executable_path/Frameworks",
				);
				MARKETING_VERSION = 1.0;
				PRODUCT_BUNDLE_IDENTIFIER = "com.ben.Gauntlet-Trivia";
				PRODUCT_NAME = "$(TARGET_NAME)";
				SWIFT_EMIT_LOC_STRINGS = YES;
				SWIFT_VERSION = 5.0;
				TARGETED_DEVICE_FAMILY = "1,2";
			};
			name = Release;
		};
		E84B7DE82D977501000741A2 /* Debug */ = {
			isa = XCBuildConfiguration;
			buildSettings = {
				BUNDLE_LOADER = "$(TEST_HOST)";
				CODE_SIGN_STYLE = Automatic;
				CURRENT_PROJECT_VERSION = 1;
				DEVELOPMENT_TEAM = VA6YF48XF2;
				GENERATE_INFOPLIST_FILE = YES;
				IPHONEOS_DEPLOYMENT_TARGET = 18.2;
				MARKETING_VERSION = 1.0;
				PRODUCT_BUNDLE_IDENTIFIER = "com.ben.Gauntlet-TriviaTests";
				PRODUCT_NAME = "$(TARGET_NAME)";
				SWIFT_EMIT_LOC_STRINGS = NO;
				SWIFT_VERSION = 5.0;
				TARGETED_DEVICE_FAMILY = "1,2";
				TEST_HOST = "$(BUILT_PRODUCTS_DIR)/Gauntlet Trivia.app/$(BUNDLE_EXECUTABLE_FOLDER_PATH)/Gauntlet Trivia";
			};
			name = Debug;
		};
		E84B7DE92D977501000741A2 /* Release */ = {
			isa = XCBuildConfiguration;
			buildSettings = {
				BUNDLE_LOADER = "$(TEST_HOST)";
				CODE_SIGN_STYLE = Automatic;
				CURRENT_PROJECT_VERSION = 1;
				DEVELOPMENT_TEAM = VA6YF48XF2;
				GENERATE_INFOPLIST_FILE = YES;
				IPHONEOS_DEPLOYMENT_TARGET = 18.2;
				MARKETING_VERSION = 1.0;
				PRODUCT_BUNDLE_IDENTIFIER = "com.ben.Gauntlet-TriviaTests";
				PRODUCT_NAME = "$(TARGET_NAME)";
				SWIFT_EMIT_LOC_STRINGS = NO;
				SWIFT_VERSION = 5.0;
				TARGETED_DEVICE_FAMILY = "1,2";
				TEST_HOST = "$(BUILT_PRODUCTS_DIR)/Gauntlet Trivia.app/$(BUNDLE_EXECUTABLE_FOLDER_PATH)/Gauntlet Trivia";
			};
			name = Release;
		};
		E84B7DEB2D977501000741A2 /* Debug */ = {
			isa = XCBuildConfiguration;
			buildSettings = {
				CODE_SIGN_STYLE = Automatic;
				CURRENT_PROJECT_VERSION = 1;
				DEVELOPMENT_TEAM = VA6YF48XF2;
				GENERATE_INFOPLIST_FILE = YES;
				MARKETING_VERSION = 1.0;
				PRODUCT_BUNDLE_IDENTIFIER = "com.ben.Gauntlet-TriviaUITests";
				PRODUCT_NAME = "$(TARGET_NAME)";
				SWIFT_EMIT_LOC_STRINGS = NO;
				SWIFT_VERSION = 5.0;
				TARGETED_DEVICE_FAMILY = "1,2";
				TEST_TARGET_NAME = "Gauntlet Trivia";
			};
			name = Debug;
		};
		E84B7DEC2D977501000741A2 /* Release */ = {
			isa = XCBuildConfiguration;
			buildSettings = {
				CODE_SIGN_STYLE = Automatic;
				CURRENT_PROJECT_VERSION = 1;
				DEVELOPMENT_TEAM = VA6YF48XF2;
				GENERATE_INFOPLIST_FILE = YES;
				MARKETING_VERSION = 1.0;
				PRODUCT_BUNDLE_IDENTIFIER = "com.ben.Gauntlet-TriviaUITests";
				PRODUCT_NAME = "$(TARGET_NAME)";
				SWIFT_EMIT_LOC_STRINGS = NO;
				SWIFT_VERSION = 5.0;
				TARGETED_DEVICE_FAMILY = "1,2";
				TEST_TARGET_NAME = "Gauntlet Trivia";
			};
			name = Release;
		};
/* End XCBuildConfiguration section */

/* Begin XCConfigurationList section */
		E84B7DBB2D977500000741A2 /* Build configuration list for PBXProject "Gauntlet Trivia" */ = {
			isa = XCConfigurationList;
			buildConfigurations = (
				E84B7DE22D977501000741A2 /* Debug */,
				E84B7DE32D977501000741A2 /* Release */,
			);
			defaultConfigurationIsVisible = 0;
			defaultConfigurationName = Release;
		};
		E84B7DE42D977501000741A2 /* Build configuration list for PBXNativeTarget "Gauntlet Trivia" */ = {
			isa = XCConfigurationList;
			buildConfigurations = (
				E84B7DE52D977501000741A2 /* Debug */,
				E84B7DE62D977501000741A2 /* Release */,
			);
			defaultConfigurationIsVisible = 0;
			defaultConfigurationName = Release;
		};
		E84B7DE72D977501000741A2 /* Build configuration list for PBXNativeTarget "Gauntlet TriviaTests" */ = {
			isa = XCConfigurationList;
			buildConfigurations = (
				E84B7DE82D977501000741A2 /* Debug */,
				E84B7DE92D977501000741A2 /* Release */,
			);
			defaultConfigurationIsVisible = 0;
			defaultConfigurationName = Release;
		};
		E84B7DEA2D977501000741A2 /* Build configuration list for PBXNativeTarget "Gauntlet TriviaUITests" */ = {
			isa = XCConfigurationList;
			buildConfigurations = (
				E84B7DEB2D977501000741A2 /* Debug */,
				E84B7DEC2D977501000741A2 /* Release */,
			);
			defaultConfigurationIsVisible = 0;
			defaultConfigurationName = Release;
		};
/* End XCConfigurationList section */

/* Begin XCRemoteSwiftPackageReference section */
		E84B7DF42D977ECE000741A2 /* XCRemoteSwiftPackageReference "firebase-ios-sdk" */ = {
			isa = XCRemoteSwiftPackageReference;
			repositoryURL = "https://github.com/firebase/firebase-ios-sdk";
			requirement = {
				kind = upToNextMajorVersion;
				minimumVersion = 10.15.0;
			};
		};
/* End XCRemoteSwiftPackageReference section */

/* Begin XCSwiftPackageProductDependency section */
		E84B7DF52D977ECE000741A2 /* FirebaseAuth */ = {
			isa = XCSwiftPackageProductDependency;
			package = E84B7DF42D977ECE000741A2 /* XCRemoteSwiftPackageReference "firebase-ios-sdk" */;
			productName = FirebaseAuth;
		};
		E84B7DF72D977ECE000741A2 /* FirebaseCrashlytics */ = {
			isa = XCSwiftPackageProductDependency;
			package = E84B7DF42D977ECE000741A2 /* XCRemoteSwiftPackageReference "firebase-ios-sdk" */;
			productName = FirebaseCrashlytics;
		};
		E84B7DF92D977ECE000741A2 /* FirebaseFirestore */ = {
			isa = XCSwiftPackageProductDependency;
			package = E84B7DF42D977ECE000741A2 /* XCRemoteSwiftPackageReference "firebase-ios-sdk" */;
			productName = FirebaseFirestore;
		};
		E84B7DFB2D977ECE000741A2 /* FirebaseFirestoreSwift */ = {
			isa = XCSwiftPackageProductDependency;
			package = E84B7DF42D977ECE000741A2 /* XCRemoteSwiftPackageReference "firebase-ios-sdk" */;
			productName = FirebaseFirestoreSwift;
		};
/* End XCSwiftPackageProductDependency section */
	};
	rootObject = E84B7DB82D977500000741A2 /* Project object */;
}
